
Microsoft Visual Studio Solution File, Format Version 12.00
# Visual Studio Version 17
VisualStudioVersion = 17.7.34031.279
MinimumVisualStudioVersion = 10.0.40219.1
Project("{9A19103F-16F7-4668-BE54-9A1E7A4F7556}") = "Ders02_01", "Ders02_01\Ders02_01.csproj", "{532DE324-5897-47B6-A2DC-93AE05B0886B}"
EndProject
Project("{9A19103F-16F7-4668-BE54-9A1E7A4F7556}") = "Ders02_02", "Ders02_02\Ders02_02.csproj", "{8B34B3F4-E30F-4C0C-866F-9307B3798639}"
EndProject
Project("{9A19103F-16F7-4668-BE54-9A1E7A4F7556}") = "Ders03_02", "Ders03_02\Ders03_02.csproj", "{289B3A6A-C66D-4392-B416-4ABC873E683A}"
EndProject
Project("{9A19103F-16F7-4668-BE54-9A1E7A4F7556}") = "Ders03_03", "Ders03_03\Ders03_03.csproj", "{92FE9ED8-5B7F-4C83-B612-FC6E8EBB5941}"
EndProject
Project("{9A19103F-16F7-4668-BE54-9A1E7A4F7556}") = "Ders03_04", "Ders03_04\Ders03_04.csproj", "{E32AB57E-005E-4EF8-8685-17FBC5AE9172}"
EndProject
Project("{9A19103F-16F7-4668-BE54-9A1E7A4F7556}") = "Ders03_05", "Ders03_05\Ders03_05.csproj", "{C2EDDEB7-E5A7-4A08-BA73-106F01649B00}"
EndProject
Project("{9A19103F-16F7-4668-BE54-9A1E7A4F7556}") = "Ders04_01", "Ders04_01\Ders04_01.csproj", "{FBD84EDC-2AC7-4E3F-9A1F-FA59ACB53B4F}"
EndProject
Project("{9A19103F-16F7-4668-BE54-9A1E7A4F7556}") = "Ders04_02", "Ders04_02\Ders04_02.csproj", "{57410FD1-73BC-48B1-80BE-85AF49934EDA}"
EndProject
Project("{9A19103F-16F7-4668-BE54-9A1E7A4F7556}") = "Ders04_03", "Ders04_03\Ders04_03.csproj", "{DA15906C-A161-415F-8D35-CE9DF452ADBA}"
EndProject
Project("{9A19103F-16F7-4668-BE54-9A1E7A4F7556}") = "Ders04_04", "Ders04_04\Ders04_04.csproj", "{7233963F-D118-4D0C-AFAA-18A508C9915A}"
EndProject
Project("{9A19103F-16F7-4668-BE54-9A1E7A4F7556}") = "Ders04_05", "Ders04_05\Ders04_05.csproj", "{A333A079-1625-43C2-96A8-C04E3DE56274}"
EndProject
Project("{9A19103F-16F7-4668-BE54-9A1E7A4F7556}") = "Ders04_06", "Ders04_06\Ders04_06.csproj", "{818E1F10-9E62-425A-98CF-DBB0C972827B}"
EndProject
Project("{9A19103F-16F7-4668-BE54-9A1E7A4F7556}") = "Ders04_07", "Ders04_07\Ders04_07.csproj", "{2A588BDE-B8A2-41E6-BEF2-975D2FECB4C5}"
EndProject
Project("{9A19103F-16F7-4668-BE54-9A1E7A4F7556}") = "Ders04_08", "Ders04_08\Ders04_08.csproj", "{E76E8B23-93AA-41AD-9D28-585B9510649D}"
EndProject
Project("{9A19103F-16F7-4668-BE54-9A1E7A4F7556}") = "Ders01_01", "Ders01_01\Ders01_01.csproj", "{47DB0E0C-9C02-4047-A3DE-35C18DEBFEDE}"
EndProject
Project("{9A19103F-16F7-4668-BE54-9A1E7A4F7556}") = "Ders03_01", "Ders03_01\Ders03_01.csproj", "{1160E2A5-2957-4A6A-B026-AE20FBA9B2B8}"
EndProject
Global
	GlobalSection(SolutionConfigurationPlatforms) = preSolution
		Debug|Any CPU = Debug|Any CPU
		Release|Any CPU = Release|Any CPU
	EndGlobalSection
	GlobalSection(ProjectConfigurationPlatforms) = postSolution
		{532DE324-5897-47B6-A2DC-93AE05B0886B}.Debug|Any CPU.ActiveCfg = Debug|Any CPU
		{532DE324-5897-47B6-A2DC-93AE05B0886B}.Debug|Any CPU.Build.0 = Debug|Any CPU
		{532DE324-5897-47B6-A2DC-93AE05B0886B}.Release|Any CPU.ActiveCfg = Release|Any CPU
		{532DE324-5897-47B6-A2DC-93AE05B0886B}.Release|Any CPU.Build.0 = Release|Any CPU
		{8B34B3F4-E30F-4C0C-866F-9307B3798639}.Debug|Any CPU.ActiveCfg = Debug|Any CPU
		{8B34B3F4-E30F-4C0C-866F-9307B3798639}.Debug|Any CPU.Build.0 = Debug|Any CPU
		{8B34B3F4-E30F-4C0C-866F-9307B3798639}.Release|Any CPU.ActiveCfg = Release|Any CPU
		{8B34B3F4-E30F-4C0C-866F-9307B3798639}.Release|Any CPU.Build.0 = Release|Any CPU
		{289B3A6A-C66D-4392-B416-4ABC873E683A}.Debug|Any CPU.ActiveCfg = Debug|Any CPU
		{289B3A6A-C66D-4392-B416-4ABC873E683A}.Debug|Any CPU.Build.0 = Debug|Any CPU
		{289B3A6A-C66D-4392-B416-4ABC873E683A}.Release|Any CPU.ActiveCfg = Release|Any CPU
		{289B3A6A-C66D-4392-B416-4ABC873E683A}.Release|Any CPU.Build.0 = Release|Any CPU
		{92FE9ED8-5B7F-4C83-B612-FC6E8EBB5941}.Debug|Any CPU.ActiveCfg = Debug|Any CPU
		{92FE9ED8-5B7F-4C83-B612-FC6E8EBB5941}.Debug|Any CPU.Build.0 = Debug|Any CPU
		{92FE9ED8-5B7F-4C83-B612-FC6E8EBB5941}.Release|Any CPU.ActiveCfg = Release|Any CPU
		{92FE9ED8-5B7F-4C83-B612-FC6E8EBB5941}.Release|Any CPU.Build.0 = Release|Any CPU
		{E32AB57E-005E-4EF8-8685-17FBC5AE9172}.Debug|Any CPU.ActiveCfg = Debug|Any CPU
		{E32AB57E-005E-4EF8-8685-17FBC5AE9172}.Debug|Any CPU.Build.0 = Debug|Any CPU
		{E32AB57E-005E-4EF8-8685-17FBC5AE9172}.Release|Any CPU.ActiveCfg = Release|Any CPU
		{E32AB57E-005E-4EF8-8685-17FBC5AE9172}.Release|Any CPU.Build.0 = Release|Any CPU
		{C2EDDEB7-E5A7-4A08-BA73-106F01649B00}.Debug|Any CPU.ActiveCfg = Debug|Any CPU
		{C2EDDEB7-E5A7-4A08-BA73-106F01649B00}.Debug|Any CPU.Build.0 = Debug|Any CPU
		{C2EDDEB7-E5A7-4A08-BA73-106F01649B00}.Release|Any CPU.ActiveCfg = Release|Any CPU
		{C2EDDEB7-E5A7-4A08-BA73-106F01649B00}.Release|Any CPU.Build.0 = Release|Any CPU
		{FBD84EDC-2AC7-4E3F-9A1F-FA59ACB53B4F}.Debug|Any CPU.ActiveCfg = Debug|Any CPU
		{FBD84EDC-2AC7-4E3F-9A1F-FA59ACB53B4F}.Debug|Any CPU.Build.0 = Debug|Any CPU
		{FBD84EDC-2AC7-4E3F-9A1F-FA59ACB53B4F}.Release|Any CPU.ActiveCfg = Release|Any CPU
		{FBD84EDC-2AC7-4E3F-9A1F-FA59ACB53B4F}.Release|Any CPU.Build.0 = Release|Any CPU
		{57410FD1-73BC-48B1-80BE-85AF49934EDA}.Debug|Any CPU.ActiveCfg = Debug|Any CPU
		{57410FD1-73BC-48B1-80BE-85AF49934EDA}.Debug|Any CPU.Build.0 = Debug|Any CPU
		{57410FD1-73BC-48B1-80BE-85AF49934EDA}.Release|Any CPU.ActiveCfg = Release|Any CPU
		{57410FD1-73BC-48B1-80BE-85AF49934EDA}.Release|Any CPU.Build.0 = Release|Any CPU
		{DA15906C-A161-415F-8D35-CE9DF452ADBA}.Debug|Any CPU.ActiveCfg = Debug|Any CPU
		{DA15906C-A161-415F-8D35-CE9DF452ADBA}.Debug|Any CPU.Build.0 = Debug|Any CPU
		{DA15906C-A161-415F-8D35-CE9DF452ADBA}.Release|Any CPU.ActiveCfg = Release|Any CPU
		{DA15906C-A161-415F-8D35-CE9DF452ADBA}.Release|Any CPU.Build.0 = Release|Any CPU
		{7233963F-D118-4D0C-AFAA-18A508C9915A}.Debug|Any CPU.ActiveCfg = Debug|Any CPU
		{7233963F-D118-4D0C-AFAA-18A508C9915A}.Debug|Any CPU.Build.0 = Debug|Any CPU
		{7233963F-D118-4D0C-AFAA-18A508C9915A}.Release|Any CPU.ActiveCfg = Release|Any CPU
		{7233963F-D118-4D0C-AFAA-18A508C9915A}.Release|Any CPU.Build.0 = Release|Any CPU
		{A333A079-1625-43C2-96A8-C04E3DE56274}.Debug|Any CPU.ActiveCfg = Debug|Any CPU
		{A333A079-1625-43C2-96A8-C04E3DE56274}.Debug|Any CPU.Build.0 = Debug|Any CPU
		{A333A079-1625-43C2-96A8-C04E3DE56274}.Release|Any CPU.ActiveCfg = Release|Any CPU
		{A333A079-1625-43C2-96A8-C04E3DE56274}.Release|Any CPU.Build.0 = Release|Any CPU
		{818E1F10-9E62-425A-98CF-DBB0C972827B}.Debug|Any CPU.ActiveCfg = Debug|Any CPU
		{818E1F10-9E62-425A-98CF-DBB0C972827B}.Debug|Any CPU.Build.0 = Debug|Any CPU
		{818E1F10-9E62-425A-98CF-DBB0C972827B}.Release|Any CPU.ActiveCfg = Release|Any CPU
		{818E1F10-9E62-425A-98CF-DBB0C972827B}.Release|Any CPU.Build.0 = Release|Any CPU
		{2A588BDE-B8A2-41E6-BEF2-975D2FECB4C5}.Debug|Any CPU.ActiveCfg = Debug|Any CPU
		{2A588BDE-B8A2-41E6-BEF2-975D2FECB4C5}.Debug|Any CPU.Build.0 = Debug|Any CPU
		{2A588BDE-B8A2-41E6-BEF2-975D2FECB4C5}.Release|Any CPU.ActiveCfg = Release|Any CPU
		{2A588BDE-B8A2-41E6-BEF2-975D2FECB4C5}.Release|Any CPU.Build.0 = Release|Any CPU
		{E76E8B23-93AA-41AD-9D28-585B9510649D}.Debug|Any CPU.ActiveCfg = Debug|Any CPU
		{E76E8B23-93AA-41AD-9D28-585B9510649D}.Debug|Any CPU.Build.0 = Debug|Any CPU
		{E76E8B23-93AA-41AD-9D28-585B9510649D}.Release|Any CPU.ActiveCfg = Release|Any CPU
		{E76E8B23-93AA-41AD-9D28-585B9510649D}.Release|Any CPU.Build.0 = Release|Any CPU
		{47DB0E0C-9C02-4047-A3DE-35C18DEBFEDE}.Debug|Any CPU.ActiveCfg = Debug|Any CPU
		{47DB0E0C-9C02-4047-A3DE-35C18DEBFEDE}.Debug|Any CPU.Build.0 = Debug|Any CPU
		{47DB0E0C-9C02-4047-A3DE-35C18DEBFEDE}.Release|Any CPU.ActiveCfg = Release|Any CPU
		{47DB0E0C-9C02-4047-A3DE-35C18DEBFEDE}.Release|Any CPU.Build.0 = Release|Any CPU
		{1160E2A5-2957-4A6A-B026-AE20FBA9B2B8}.Debug|Any CPU.ActiveCfg = Debug|Any CPU
		{1160E2A5-2957-4A6A-B026-AE20FBA9B2B8}.Debug|Any CPU.Build.0 = Debug|Any CPU
		{1160E2A5-2957-4A6A-B026-AE20FBA9B2B8}.Release|Any CPU.ActiveCfg = Release|Any CPU
		{1160E2A5-2957-4A6A-B026-AE20FBA9B2B8}.Release|Any CPU.Build.0 = Release|Any CPU
	EndGlobalSection
	GlobalSection(SolutionProperties) = preSolution
		HideSolutionNode = FALSE
	EndGlobalSection
	GlobalSection(ExtensibilityGlobals) = postSolution
		SolutionGuid = {B9ECED2F-8BAA-4EAC-B68C-75E4FE4DF8A3}
	EndGlobalSection
EndGlobal
