
Microsoft Visual Studio Solution File, Format Version 12.00
# Visual Studio Version 17
VisualStudioVersion = 17.7.34031.279
MinimumVisualStudioVersion = 10.0.40219.1
Project("{9A19103F-16F7-4668-BE54-9A1E7A4F7556}") = "Ders02_01", "Ders02_01\Ders02_01.csproj", "{532DE324-5897-47B6-A2DC-93AE05B0886B}"
EndProject
Project("{9A19103F-16F7-4668-BE54-9A1E7A4F7556}") = "Ders02_02", "Ders02_02\Ders02_02.csproj", "{8B34B3F4-E30F-4C0C-866F-9307B3798639}"
EndProject
Project("{9A19103F-16F7-4668-BE54-9A1E7A4F7556}") = "Ders03_02", "Ders03_02\Ders03_02.csproj", "{289B3A6A-C66D-4392-B416-4ABC873E683A}"
EndProject
Project("{9A19103F-16F7-4668-BE54-9A1E7A4F7556}") = "Ders03_03", "Ders03_03\Ders03_03.csproj", "{92FE9ED8-5B7F-4C83-B612-FC6E8EBB5941}"
EndProject
Project("{9A19103F-16F7-4668-BE54-9A1E7A4F7556}") = "Ders03_04", "Ders03_04\Ders03_04.csproj", "{E32AB57E-005E-4EF8-8685-17FBC5AE9172}"
EndProject
Project("{9A19103F-16F7-4668-BE54-9A1E7A4F7556}") = "Ders03_05", "Ders03_05\Ders03_05.csproj", "{C2EDDEB7-E5A7-4A08-BA73-106F01649B00}"
EndProject
Project("{9A19103F-16F7-4668-BE54-9A1E7A4F7556}") = "Ders04_01", "Ders04_01\Ders04_01.csproj", "{FBD84EDC-2AC7-4E3F-9A1F-FA59ACB53B4F}"
EndProject
Project("{9A19103F-16F7-4668-BE54-9A1E7A4F7556}") = "Ders04_02", "Ders04_02\Ders04_02.csproj", "{57410FD1-73BC-48B1-80BE-85AF49934EDA}"
EndProject
Project("{9A19103F-16F7-4668-BE54-9A1E7A4F7556}") = "Ders04_03", "Ders04_03\Ders04_03.csproj", "{DA15906C-A161-415F-8D35-CE9DF452ADBA}"
EndProject
Project("{9A19103F-16F7-4668-BE54-9A1E7A4F7556}") = "Ders04_04", "Ders04_04\Ders04_04.csproj", "{7233963F-D118-4D0C-AFAA-18A508C9915A}"
EndProject
Project("{9A19103F-16F7-4668-BE54-9A1E7A4F7556}") = "Ders04_05", "Ders04_05\Ders04_05.csproj", "{A333A079-1625-43C2-96A8-C04E3DE56274}"
EndProject
Project("{9A19103F-16F7-4668-BE54-9A1E7A4F7556}") = "Ders04_06", "Ders04_06\Ders04_06.csproj", "{818E1F10-9E62-425A-98CF-DBB0C972827B}"
EndProject
Project("{9A19103F-16F7-4668-BE54-9A1E7A4F7556}") = "Ders04_07", "Ders04_07\Ders04_07.csproj", "{2A588BDE-B8A2-41E6-BEF2-975D2FECB4C5}"
EndProject
Project("{9A19103F-16F7-4668-BE54-9A1E7A4F7556}") = "Ders04_08", "Ders04_08\Ders04_08.csproj", "{E76E8B23-93AA-41AD-9D28-585B9510649D}"
EndProject
Project("{9A19103F-16F7-4668-BE54-9A1E7A4F7556}") = "Ders01_01", "Ders01_01\Ders01_01.csproj", "{47DB0E0C-9C02-4047-A3DE-35C18DEBFEDE}"
EndProject
Project("{9A19103F-16F7-4668-BE54-9A1E7A4F7556}") = "Ders03_01", "Ders03_01\Ders03_01.csproj", "{1160E2A5-2957-4A6A-B026-AE20FBA9B2B8}"
EndProject
Project("{9A19103F-16F7-4668-BE54-9A1E7A4F7556}") = "Ders05_01", "Ders05_01\Ders05_01.csproj", "{9F75D49D-CFFE-4406-8594-CE5898FB95C9}"
EndProject
Project("{9A19103F-16F7-4668-BE54-9A1E7A4F7556}") = "Ders06_01", "Ders06_01\Ders06_01.csproj", "{A4553C7A-86BB-4991-8463-F294798C4C30}"
EndProject
Project("{9A19103F-16F7-4668-BE54-9A1E7A4F7556}") = "Ders07_01", "Ders07_01\Ders07_01.csproj", "{C2692E83-AE46-43B1-A52C-8ED1C48FC51A}"
EndProject
Project("{9A19103F-16F7-4668-BE54-9A1E7A4F7556}") = "Ders07_02", "Ders07_02\Ders07_02.csproj", "{34D1C81C-EF26-4AE8-B5C5-E12042C0E1A9}"
EndProject
Project("{9A19103F-16F7-4668-BE54-9A1E7A4F7556}") = "Ders08_01", "Ders08_01\Ders08_01.csproj", "{1092A7E9-4C7F-4B39-A8A7-38C526B44C40}"
EndProject
Project("{9A19103F-16F7-4668-BE54-9A1E7A4F7556}") = "Ders08_02", "Ders08_02\Ders08_02.csproj", "{D9D86791-40CD-4A20-A35A-32476ECFC82B}"
EndProject
Project("{9A19103F-16F7-4668-BE54-9A1E7A4F7556}") = "Ders08_03", "Ders08_03\Ders08_03.csproj", "{15C1D126-1FF5-4C80-A147-902B8BED83C3}"
EndProject
Project("{FAE04EC0-301F-11D3-BF4B-00C04F79EFBC}") = "Ders09_01", "Ders09_01\Ders09_01.csproj", "{594D8592-4596-4383-9ECF-D6DA3E38ABE9}"
EndProject
Project("{FAE04EC0-301F-11D3-BF4B-00C04F79EFBC}") = "Ders09_02", "Ders09_02\Ders09_02.csproj", "{E98858D0-599F-47D7-88B4-ACB5ADAA9CB6}"
EndProject
Project("{FAE04EC0-301F-11D3-BF4B-00C04F79EFBC}") = "Ders09_03", "Ders09_03\Ders09_03.csproj", "{FCA13F5E-B03E-4855-9C6A-647493C0B2E1}"
EndProject
Project("{FAE04EC0-301F-11D3-BF4B-00C04F79EFBC}") = "Ders09_04", "Ders09_04\Ders09_04.csproj", "{2A443AA3-4DC9-4EE5-8FFC-21FD32E34320}"
EndProject
Global
	GlobalSection(SolutionConfigurationPlatforms) = preSolution
		Debug|Any CPU = Debug|Any CPU
		Release|Any CPU = Release|Any CPU
	EndGlobalSection
	GlobalSection(ProjectConfigurationPlatforms) = postSolution
		{532DE324-5897-47B6-A2DC-93AE05B0886B}.Debug|Any CPU.ActiveCfg = Debug|Any CPU
		{532DE324-5897-47B6-A2DC-93AE05B0886B}.Debug|Any CPU.Build.0 = Debug|Any CPU
		{532DE324-5897-47B6-A2DC-93AE05B0886B}.Release|Any CPU.ActiveCfg = Release|Any CPU
		{532DE324-5897-47B6-A2DC-93AE05B0886B}.Release|Any CPU.Build.0 = Release|Any CPU
		{8B34B3F4-E30F-4C0C-866F-9307B3798639}.Debug|Any CPU.ActiveCfg = Debug|Any CPU
		{8B34B3F4-E30F-4C0C-866F-9307B3798639}.Debug|Any CPU.Build.0 = Debug|Any CPU
		{8B34B3F4-E30F-4C0C-866F-9307B3798639}.Release|Any CPU.ActiveCfg = Release|Any CPU
		{8B34B3F4-E30F-4C0C-866F-9307B3798639}.Release|Any CPU.Build.0 = Release|Any CPU
		{289B3A6A-C66D-4392-B416-4ABC873E683A}.Debug|Any CPU.ActiveCfg = Debug|Any CPU
		{289B3A6A-C66D-4392-B416-4ABC873E683A}.Debug|Any CPU.Build.0 = Debug|Any CPU
		{289B3A6A-C66D-4392-B416-4ABC873E683A}.Release|Any CPU.ActiveCfg = Release|Any CPU
		{289B3A6A-C66D-4392-B416-4ABC873E683A}.Release|Any CPU.Build.0 = Release|Any CPU
		{92FE9ED8-5B7F-4C83-B612-FC6E8EBB5941}.Debug|Any CPU.ActiveCfg = Debug|Any CPU
		{92FE9ED8-5B7F-4C83-B612-FC6E8EBB5941}.Debug|Any CPU.Build.0 = Debug|Any CPU
		{92FE9ED8-5B7F-4C83-B612-FC6E8EBB5941}.Release|Any CPU.ActiveCfg = Release|Any CPU
		{92FE9ED8-5B7F-4C83-B612-FC6E8EBB5941}.Release|Any CPU.Build.0 = Release|Any CPU
		{E32AB57E-005E-4EF8-8685-17FBC5AE9172}.Debug|Any CPU.ActiveCfg = Debug|Any CPU
		{E32AB57E-005E-4EF8-8685-17FBC5AE9172}.Debug|Any CPU.Build.0 = Debug|Any CPU
		{E32AB57E-005E-4EF8-8685-17FBC5AE9172}.Release|Any CPU.ActiveCfg = Release|Any CPU
		{E32AB57E-005E-4EF8-8685-17FBC5AE9172}.Release|Any CPU.Build.0 = Release|Any CPU
		{C2EDDEB7-E5A7-4A08-BA73-106F01649B00}.Debug|Any CPU.ActiveCfg = Debug|Any CPU
		{C2EDDEB7-E5A7-4A08-BA73-106F01649B00}.Debug|Any CPU.Build.0 = Debug|Any CPU
		{C2EDDEB7-E5A7-4A08-BA73-106F01649B00}.Release|Any CPU.ActiveCfg = Release|Any CPU
		{C2EDDEB7-E5A7-4A08-BA73-106F01649B00}.Release|Any CPU.Build.0 = Release|Any CPU
		{FBD84EDC-2AC7-4E3F-9A1F-FA59ACB53B4F}.Debug|Any CPU.ActiveCfg = Debug|Any CPU
		{FBD84EDC-2AC7-4E3F-9A1F-FA59ACB53B4F}.Debug|Any CPU.Build.0 = Debug|Any CPU
		{FBD84EDC-2AC7-4E3F-9A1F-FA59ACB53B4F}.Release|Any CPU.ActiveCfg = Release|Any CPU
		{FBD84EDC-2AC7-4E3F-9A1F-FA59ACB53B4F}.Release|Any CPU.Build.0 = Release|Any CPU
		{57410FD1-73BC-48B1-80BE-85AF49934EDA}.Debug|Any CPU.ActiveCfg = Debug|Any CPU
		{57410FD1-73BC-48B1-80BE-85AF49934EDA}.Debug|Any CPU.Build.0 = Debug|Any CPU
		{57410FD1-73BC-48B1-80BE-85AF49934EDA}.Release|Any CPU.ActiveCfg = Release|Any CPU
		{57410FD1-73BC-48B1-80BE-85AF49934EDA}.Release|Any CPU.Build.0 = Release|Any CPU
		{DA15906C-A161-415F-8D35-CE9DF452ADBA}.Debug|Any CPU.ActiveCfg = Debug|Any CPU
		{DA15906C-A161-415F-8D35-CE9DF452ADBA}.Debug|Any CPU.Build.0 = Debug|Any CPU
		{DA15906C-A161-415F-8D35-CE9DF452ADBA}.Release|Any CPU.ActiveCfg = Release|Any CPU
		{DA15906C-A161-415F-8D35-CE9DF452ADBA}.Release|Any CPU.Build.0 = Release|Any CPU
		{7233963F-D118-4D0C-AFAA-18A508C9915A}.Debug|Any CPU.ActiveCfg = Debug|Any CPU
		{7233963F-D118-4D0C-AFAA-18A508C9915A}.Debug|Any CPU.Build.0 = Debug|Any CPU
		{7233963F-D118-4D0C-AFAA-18A508C9915A}.Release|Any CPU.ActiveCfg = Release|Any CPU
		{7233963F-D118-4D0C-AFAA-18A508C9915A}.Release|Any CPU.Build.0 = Release|Any CPU
		{A333A079-1625-43C2-96A8-C04E3DE56274}.Debug|Any CPU.ActiveCfg = Debug|Any CPU
		{A333A079-1625-43C2-96A8-C04E3DE56274}.Debug|Any CPU.Build.0 = Debug|Any CPU
		{A333A079-1625-43C2-96A8-C04E3DE56274}.Release|Any CPU.ActiveCfg = Release|Any CPU
		{A333A079-1625-43C2-96A8-C04E3DE56274}.Release|Any CPU.Build.0 = Release|Any CPU
		{818E1F10-9E62-425A-98CF-DBB0C972827B}.Debug|Any CPU.ActiveCfg = Debug|Any CPU
		{818E1F10-9E62-425A-98CF-DBB0C972827B}.Debug|Any CPU.Build.0 = Debug|Any CPU
		{818E1F10-9E62-425A-98CF-DBB0C972827B}.Release|Any CPU.ActiveCfg = Release|Any CPU
		{818E1F10-9E62-425A-98CF-DBB0C972827B}.Release|Any CPU.Build.0 = Release|Any CPU
		{2A588BDE-B8A2-41E6-BEF2-975D2FECB4C5}.Debug|Any CPU.ActiveCfg = Debug|Any CPU
		{2A588BDE-B8A2-41E6-BEF2-975D2FECB4C5}.Debug|Any CPU.Build.0 = Debug|Any CPU
		{2A588BDE-B8A2-41E6-BEF2-975D2FECB4C5}.Release|Any CPU.ActiveCfg = Release|Any CPU
		{2A588BDE-B8A2-41E6-BEF2-975D2FECB4C5}.Release|Any CPU.Build.0 = Release|Any CPU
		{E76E8B23-93AA-41AD-9D28-585B9510649D}.Debug|Any CPU.ActiveCfg = Debug|Any CPU
		{E76E8B23-93AA-41AD-9D28-585B9510649D}.Debug|Any CPU.Build.0 = Debug|Any CPU
		{E76E8B23-93AA-41AD-9D28-585B9510649D}.Release|Any CPU.ActiveCfg = Release|Any CPU
		{E76E8B23-93AA-41AD-9D28-585B9510649D}.Release|Any CPU.Build.0 = Release|Any CPU
		{47DB0E0C-9C02-4047-A3DE-35C18DEBFEDE}.Debug|Any CPU.ActiveCfg = Debug|Any CPU
		{47DB0E0C-9C02-4047-A3DE-35C18DEBFEDE}.Debug|Any CPU.Build.0 = Debug|Any CPU
		{47DB0E0C-9C02-4047-A3DE-35C18DEBFEDE}.Release|Any CPU.ActiveCfg = Release|Any CPU
		{47DB0E0C-9C02-4047-A3DE-35C18DEBFEDE}.Release|Any CPU.Build.0 = Release|Any CPU
		{1160E2A5-2957-4A6A-B026-AE20FBA9B2B8}.Debug|Any CPU.ActiveCfg = Debug|Any CPU
		{1160E2A5-2957-4A6A-B026-AE20FBA9B2B8}.Debug|Any CPU.Build.0 = Debug|Any CPU
		{1160E2A5-2957-4A6A-B026-AE20FBA9B2B8}.Release|Any CPU.ActiveCfg = Release|Any CPU
		{1160E2A5-2957-4A6A-B026-AE20FBA9B2B8}.Release|Any CPU.Build.0 = Release|Any CPU
		{9F75D49D-CFFE-4406-8594-CE5898FB95C9}.Debug|Any CPU.ActiveCfg = Debug|Any CPU
		{9F75D49D-CFFE-4406-8594-CE5898FB95C9}.Debug|Any CPU.Build.0 = Debug|Any CPU
		{9F75D49D-CFFE-4406-8594-CE5898FB95C9}.Release|Any CPU.ActiveCfg = Release|Any CPU
		{9F75D49D-CFFE-4406-8594-CE5898FB95C9}.Release|Any CPU.Build.0 = Release|Any CPU
		{A4553C7A-86BB-4991-8463-F294798C4C30}.Debug|Any CPU.ActiveCfg = Debug|Any CPU
		{A4553C7A-86BB-4991-8463-F294798C4C30}.Debug|Any CPU.Build.0 = Debug|Any CPU
		{A4553C7A-86BB-4991-8463-F294798C4C30}.Release|Any CPU.ActiveCfg = Release|Any CPU
		{A4553C7A-86BB-4991-8463-F294798C4C30}.Release|Any CPU.Build.0 = Release|Any CPU
		{C2692E83-AE46-43B1-A52C-8ED1C48FC51A}.Debug|Any CPU.ActiveCfg = Debug|Any CPU
		{C2692E83-AE46-43B1-A52C-8ED1C48FC51A}.Debug|Any CPU.Build.0 = Debug|Any CPU
		{C2692E83-AE46-43B1-A52C-8ED1C48FC51A}.Release|Any CPU.ActiveCfg = Release|Any CPU
		{C2692E83-AE46-43B1-A52C-8ED1C48FC51A}.Release|Any CPU.Build.0 = Release|Any CPU
		{34D1C81C-EF26-4AE8-B5C5-E12042C0E1A9}.Debug|Any CPU.ActiveCfg = Debug|Any CPU
		{34D1C81C-EF26-4AE8-B5C5-E12042C0E1A9}.Debug|Any CPU.Build.0 = Debug|Any CPU
		{34D1C81C-EF26-4AE8-B5C5-E12042C0E1A9}.Release|Any CPU.ActiveCfg = Release|Any CPU
		{34D1C81C-EF26-4AE8-B5C5-E12042C0E1A9}.Release|Any CPU.Build.0 = Release|Any CPU
		{1092A7E9-4C7F-4B39-A8A7-38C526B44C40}.Debug|Any CPU.ActiveCfg = Debug|Any CPU
		{1092A7E9-4C7F-4B39-A8A7-38C526B44C40}.Debug|Any CPU.Build.0 = Debug|Any CPU
		{1092A7E9-4C7F-4B39-A8A7-38C526B44C40}.Release|Any CPU.ActiveCfg = Release|Any CPU
		{1092A7E9-4C7F-4B39-A8A7-38C526B44C40}.Release|Any CPU.Build.0 = Release|Any CPU
		{D9D86791-40CD-4A20-A35A-32476ECFC82B}.Debug|Any CPU.ActiveCfg = Debug|Any CPU
		{D9D86791-40CD-4A20-A35A-32476ECFC82B}.Debug|Any CPU.Build.0 = Debug|Any CPU
		{D9D86791-40CD-4A20-A35A-32476ECFC82B}.Release|Any CPU.ActiveCfg = Release|Any CPU
		{D9D86791-40CD-4A20-A35A-32476ECFC82B}.Release|Any CPU.Build.0 = Release|Any CPU
		{15C1D126-1FF5-4C80-A147-902B8BED83C3}.Debug|Any CPU.ActiveCfg = Debug|Any CPU
		{15C1D126-1FF5-4C80-A147-902B8BED83C3}.Debug|Any CPU.Build.0 = Debug|Any CPU
		{15C1D126-1FF5-4C80-A147-902B8BED83C3}.Release|Any CPU.ActiveCfg = Release|Any CPU
		{15C1D126-1FF5-4C80-A147-902B8BED83C3}.Release|Any CPU.Build.0 = Release|Any CPU
		{594D8592-4596-4383-9ECF-D6DA3E38ABE9}.Debug|Any CPU.ActiveCfg = Debug|Any CPU
		{594D8592-4596-4383-9ECF-D6DA3E38ABE9}.Debug|Any CPU.Build.0 = Debug|Any CPU
		{594D8592-4596-4383-9ECF-D6DA3E38ABE9}.Release|Any CPU.ActiveCfg = Release|Any CPU
		{594D8592-4596-4383-9ECF-D6DA3E38ABE9}.Release|Any CPU.Build.0 = Release|Any CPU
		{E98858D0-599F-47D7-88B4-ACB5ADAA9CB6}.Debug|Any CPU.ActiveCfg = Debug|Any CPU
		{E98858D0-599F-47D7-88B4-ACB5ADAA9CB6}.Debug|Any CPU.Build.0 = Debug|Any CPU
		{E98858D0-599F-47D7-88B4-ACB5ADAA9CB6}.Release|Any CPU.ActiveCfg = Release|Any CPU
		{E98858D0-599F-47D7-88B4-ACB5ADAA9CB6}.Release|Any CPU.Build.0 = Release|Any CPU
		{FCA13F5E-B03E-4855-9C6A-647493C0B2E1}.Debug|Any CPU.ActiveCfg = Debug|Any CPU
		{FCA13F5E-B03E-4855-9C6A-647493C0B2E1}.Debug|Any CPU.Build.0 = Debug|Any CPU
		{FCA13F5E-B03E-4855-9C6A-647493C0B2E1}.Release|Any CPU.ActiveCfg = Release|Any CPU
		{FCA13F5E-B03E-4855-9C6A-647493C0B2E1}.Release|Any CPU.Build.0 = Release|Any CPU
		{2A443AA3-4DC9-4EE5-8FFC-21FD32E34320}.Debug|Any CPU.ActiveCfg = Debug|Any CPU
		{2A443AA3-4DC9-4EE5-8FFC-21FD32E34320}.Debug|Any CPU.Build.0 = Debug|Any CPU
		{2A443AA3-4DC9-4EE5-8FFC-21FD32E34320}.Release|Any CPU.ActiveCfg = Release|Any CPU
		{2A443AA3-4DC9-4EE5-8FFC-21FD32E34320}.Release|Any CPU.Build.0 = Release|Any CPU
	EndGlobalSection
	GlobalSection(SolutionProperties) = preSolution
		HideSolutionNode = FALSE
	EndGlobalSection
	GlobalSection(ExtensibilityGlobals) = postSolution
		SolutionGuid = {B9ECED2F-8BAA-4EAC-B68C-75E4FE4DF8A3}
	EndGlobalSection
EndGlobal
